PODS:
  - bonsoir_darwin (0.0.1):
    - Flutter
    - FlutterMacOS
  - device_info_plus (0.0.1):
    - Flutter
  - Flutter (1.0.0)
  - path_provider_foundation (0.0.1):
    - Flutter
    - FlutterMacOS
  - sqlite3 (3.47.2):
    - sqlite3/common (= 3.47.2)
  - sqlite3/common (3.47.2)
  - sqlite3/dbstatvtab (3.47.2):
    - sqlite3/common
  - sqlite3/fts5 (3.47.2):
    - sqlite3/common
  - sqlite3/perf-threadsafe (3.47.2):
    - sqlite3/common
  - sqlite3/rtree (3.47.2):
    - sqlite3/common
  - sqlite3_flutter_libs (0.0.1):
    - Flutter
    - FlutterMacOS
    - sqlite3 (~> 3.47.2)
    - sqlite3/dbstatvtab
    - sqlite3/fts5
    - sqlite3/perf-threadsafe
    - sqlite3/rtree

DEPENDENCIES:
  - bonsoir_darwin (from `.symlinks/plugins/bonsoir_darwin/darwin`)
  - device_info_plus (from `.symlinks/plugins/device_info_plus/ios`)
  - Flutter (from `Flutter`)
  - path_provider_foundation (from `.symlinks/plugins/path_provider_foundation/darwin`)
  - sqlite3_flutter_libs (from `.symlinks/plugins/sqlite3_flutter_libs/darwin`)

SPEC REPOS:
  trunk:
    - sqlite3

EXTERNAL SOURCES:
  bonsoir_darwin:
    :path: ".symlinks/plugins/bonsoir_darwin/darwin"
  device_info_plus:
    :path: ".symlinks/plugins/device_info_plus/ios"
  Flutter:
    :path: Flutter
  path_provider_foundation:
    :path: ".symlinks/plugins/path_provider_foundation/darwin"
  sqlite3_flutter_libs:
    :path: ".symlinks/plugins/sqlite3_flutter_libs/darwin"

SPEC CHECKSUMS:
  bonsoir_darwin: e3b8526c42ca46a885142df84229131dfabea842
  device_info_plus: c6fb39579d0f423935b0c9ce7ee2f44b71b9fce6
  Flutter: e0871f40cf51350855a761d2e70bf5af5b9b5de7
  path_provider_foundation: 2b6b4c569c0fb62ec74538f866245ac84301af46
  sqlite3: 7559e33dae4c78538df563795af3a86fc887ee71
  sqlite3_flutter_libs: 58ae36c0dd086395d066b4fe4de9cdca83e717b3

PODFILE CHECKSUM: a57f30d18f102dd3ce366b1d62a55ecbef2158e5

COCOAPODS: 1.11.3
